// !$*UTF8*$!
{
	archiveVersion = 1;
	classes = {
	};
	objectVersion = 56;
	objects = {

/* Begin PBXBuildFile section */
		C307B9202AEC45A600FF9613 /* loginscreencopiableApp.swift in Sources */ = {isa = PBXBuildFile; fileRef = C307B91F2AEC45A600FF9613 /* loginscreencopiableApp.swift */; };
		C307B9222AEC45A600FF9613 /* ContentView.swift in Sources */ = {isa = PBXBuildFile; fileRef = C307B9212AEC45A600FF9613 /* ContentView.swift */; };
		C307B9242AEC45AA00FF9613 /* Assets.xcassets in Resources */ = {isa = PBXBuildFile; fileRef = C307B9232AEC45AA00FF9613 /* Assets.xcassets */; };
		C307B9272AEC45AA00FF9613 /* Preview Assets.xcassets in Resources */ = {isa = PBXBuildFile; fileRef = C307B9262AEC45AA00FF9613 /* Preview Assets.xcassets */; };
		C307B9322AEC45AA00FF9613 /* loginscreencopiableTests.swift in Sources */ = {isa = PBXBuildFile; fileRef = C307B9312AEC45AA00FF9613 /* loginscreencopiableTests.swift */; };
		C307B93C2AEC45AA00FF9613 /* loginscreencopiableUITests.swift in Sources */ = {isa = PBXBuildFile; fileRef = C307B93B2AEC45AA00FF9613 /* loginscreencopiableUITests.swift */; };
		C307B93E2AEC45AA00FF9613 /* loginscreencopiableUITestsLaunchTests.swift in Sources */ = {isa = PBXBuildFile; fileRef = C307B93D2AEC45AA00FF9613 /* loginscreencopiableUITestsLaunchTests.swift */; };
/* End PBXBuildFile section */

/* Begin PBXContainerItemProxy section */
		C307B92E2AEC45AA00FF9613 /* PBXContainerItemProxy */ = {
			isa = PBXContainerItemProxy;
			containerPortal = C307B9142AEC45A600FF9613 /* Project object */;
			proxyType = 1;
			remoteGlobalIDString = C307B91B2AEC45A600FF9613;
			remoteInfo = loginscreencopiable;
		};
		C307B9382AEC45AA00FF9613 /* PBXContainerItemProxy */ = {
			isa = PBXContainerItemProxy;
			containerPortal = C307B9142AEC45A600FF9613 /* Project object */;
			proxyType = 1;
			remoteGlobalIDString = C307B91B2AEC45A600FF9613;
			remoteInfo = loginscreencopiable;
		};
/* End PBXContainerItemProxy section */

/* Begin PBXFileReference section */
		C307B91C2AEC45A600FF9613 /* loginscreencopiable.app */ = {isa = PBXFileReference; explicitFileType = wrapper.application; includeInIndex = 0; path = loginscreencopiable.app; sourceTree = BUILT_PRODUCTS_DIR; };
		C307B91F2AEC45A600FF9613 /* loginscreencopiableApp.swift */ = {isa = PBXFileReference; lastKnownFileType = sourcecode.swift; path = loginscreencopiableApp.swift; sourceTree = "<group>"; };
		C307B9212AEC45A600FF9613 /* ContentView.swift */ = {isa = PBXFileReference; lastKnownFileType = sourcecode.swift; path = ContentView.swift; sourceTree = "<group>"; };
		C307B9232AEC45AA00FF9613 /* Assets.xcassets */ = {isa = PBXFileReference; lastKnownFileType = folder.assetcatalog; path = Assets.xcassets; sourceTree = "<group>"; };
		C307B9262AEC45AA00FF9613 /* Preview Assets.xcassets */ = {isa = PBXFileReference; lastKnownFileType = folder.assetcatalog; path = "Preview Assets.xcassets"; sourceTree = "<group>"; };
		C307B9282AEC45AA00FF9613 /* loginscreencopiable.entitlements */ = {isa = PBXFileReference; lastKnownFileType = text.plist.entitlements; path = loginscreencopiable.entitlements; sourceTree = "<group>"; };
		C307B92D2AEC45AA00FF9613 /* loginscreencopiableTests.xctest */ = {isa = PBXFileReference; explicitFileType = wrapper.cfbundle; includeInIndex = 0; path = loginscreencopiableTests.xctest; sourceTree = BUILT_PRODUCTS_DIR; };
		C307B9312AEC45AA00FF9613 /* loginscreencopiableTests.swift */ = {isa = PBXFileReference; lastKnownFileType = sourcecode.swift; path = loginscreencopiableTests.swift; sourceTree = "<group>"; };
		C307B9372AEC45AA00FF9613 /* loginscreencopiableUITests.xctest */ = {isa = PBXFileReference; explicitFileType = wrapper.cfbundle; includeInIndex = 0; path = loginscreencopiableUITests.xctest; sourceTree = BUILT_PRODUCTS_DIR; };
		C307B93B2AEC45AA00FF9613 /* loginscreencopiableUITests.swift */ = {isa = PBXFileReference; lastKnownFileType = sourcecode.swift; path = loginscreencopiableUITests.swift; sourceTree = "<group>"; };
		C307B93D2AEC45AA00FF9613 /* loginscreencopiableUITestsLaunchTests.swift */ = {isa = PBXFileReference; lastKnownFileType = sourcecode.swift; path = loginscreencopiableUITestsLaunchTests.swift; sourceTree = "<group>"; };
/* End PBXFileReference section */

/* Begin PBXFrameworksBuildPhase section */
		C307B9192AEC45A600FF9613 /* Frameworks */ = {
			isa = PBXFrameworksBuildPhase;
			buildActionMask = 2147483647;
			files = (
			);
			runOnlyForDeploymentPostprocessing = 0;
		};
		C307B92A2AEC45AA00FF9613 /* Frameworks */ = {
			isa = PBXFrameworksBuildPhase;
			buildActionMask = 2147483647;
			files = (
			);
			runOnlyForDeploymentPostprocessing = 0;
		};
		C307B9342AEC45AA00FF9613 /* Frameworks */ = {
			isa = PBXFrameworksBuildPhase;
			buildActionMask = 2147483647;
			files = (
			);
			runOnlyForDeploymentPostprocessing = 0;
		};
/* End PBXFrameworksBuildPhase section */

/* Begin PBXGroup section */
		C307B9132AEC45A600FF9613 = {
			isa = PBXGroup;
			children = (
				C307B91E2AEC45A600FF9613 /* loginscreencopiable */,
				C307B9302AEC45AA00FF9613 /* loginscreencopiableTests */,
				C307B93A2AEC45AA00FF9613 /* loginscreencopiableUITests */,
				C307B91D2AEC45A600FF9613 /* Products */,
			);
			sourceTree = "<group>";
		};
		C307B91D2AEC45A600FF9613 /* Products */ = {
			isa = PBXGroup;
			children = (
				C307B91C2AEC45A600FF9613 /* loginscreencopiable.app */,
				C307B92D2AEC45AA00FF9613 /* loginscreencopiableTests.xctest */,
				C307B9372AEC45AA00FF9613 /* loginscreencopiableUITests.xctest */,
			);
			name = Products;
			sourceTree = "<group>";
		};
		C307B91E2AEC45A600FF9613 /* loginscreencopiable */ = {
			isa = PBXGroup;
			children = (
				C307B91F2AEC45A600FF9613 /* loginscreencopiableApp.swift */,
				C307B9212AEC45A600FF9613 /* ContentView.swift */,
				C307B9232AEC45AA00FF9613 /* Assets.xcassets */,
				C307B9282AEC45AA00FF9613 /* loginscreencopiable.entitlements */,
				C307B9252AEC45AA00FF9613 /* Preview Content */,
			);
			path = loginscreencopiable;
			sourceTree = "<group>";
		};
		C307B9252AEC45AA00FF9613 /* Preview Content */ = {
			isa = PBXGroup;
			children = (
				C307B9262AEC45AA00FF9613 /* Preview Assets.xcassets */,
			);
			path = "Preview Content";
			sourceTree = "<group>";
		};
		C307B9302AEC45AA00FF9613 /* loginscreencopiableTests */ = {
			isa = PBXGroup;
			children = (
				C307B9312AEC45AA00FF9613 /* loginscreencopiableTests.swift */,
			);
			path = loginscreencopiableTests;
			sourceTree = "<group>";
		};
		C307B93A2AEC45AA00FF9613 /* loginscreencopiableUITests */ = {
			isa = PBXGroup;
			children = (
				C307B93B2AEC45AA00FF9613 /* loginscreencopiableUITests.swift */,
				C307B93D2AEC45AA00FF9613 /* loginscreencopiableUITestsLaunchTests.swift */,
			);
			path = loginscreencopiableUITests;
			sourceTree = "<group>";
		};
/* End PBXGroup section */

/* Begin PBXNativeTarget section */
		C307B91B2AEC45A600FF9613 /* loginscreencopiable */ = {
			isa = PBXNativeTarget;
			buildConfigurationList = C307B9412AEC45AA00FF9613 /* Build configuration list for PBXNativeTarget "loginscreencopiable" */;
			buildPhases = (
				C307B9182AEC45A600FF9613 /* Sources */,
				C307B9192AEC45A600FF9613 /* Frameworks */,
				C307B91A2AEC45A600FF9613 /* Resources */,
			);
			buildRules = (
			);
			dependencies = (
			);
			name = loginscreencopiable;
			productName = loginscreencopiable;
			productReference = C307B91C2AEC45A600FF9613 /* loginscreencopiable.app */;
			productType = "com.apple.product-type.application";
		};
		C307B92C2AEC45AA00FF9613 /* loginscreencopiableTests */ = {
			isa = PBXNativeTarget;
			buildConfigurationList = C307B9442AEC45AA00FF9613 /* Build configuration list for PBXNativeTarget "loginscreencopiableTests" */;
			buildPhases = (
				C307B9292AEC45AA00FF9613 /* Sources */,
				C307B92A2AEC45AA00FF9613 /* Frameworks */,
				C307B92B2AEC45AA00FF9613 /* Resources */,
			);
			buildRules = (
			);
			dependencies = (
				C307B92F2AEC45AA00FF9613 /* PBXTargetDependency */,
			);
			name = loginscreencopiableTests;
			productName = loginscreencopiableTests;
			productReference = C307B92D2AEC45AA00FF9613 /* loginscreencopiableTests.xctest */;
			productType = "com.apple.product-type.bundle.unit-test";
		};
		C307B9362AEC45AA00FF9613 /* loginscreencopiableUITests */ = {
			isa = PBXNativeTarget;
			buildConfigurationList = C307B9472AEC45AA00FF9613 /* Build configuration list for PBXNativeTarget "loginscreencopiableUITests" */;
			buildPhases = (
				C307B9332AEC45AA00FF9613 /* Sources */,
				C307B9342AEC45AA00FF9613 /* Frameworks */,
				C307B9352AEC45AA00FF9613 /* Resources */,
			);
			buildRules = (
			);
			dependencies = (
				C307B9392AEC45AA00FF9613 /* PBXTargetDependency */,
			);
			name = loginscreencopiableUITests;
			productName = loginscreencopiableUITests;
			productReference = C307B9372AEC45AA00FF9613 /* loginscreencopiableUITests.xctest */;
			productType = "com.apple.product-type.bundle.ui-testing";
		};
/* End PBXNativeTarget section */

/* Begin PBXProject section */
		C307B9142AEC45A600FF9613 /* Project object */ = {
			isa = PBXProject;
			attributes = {
				BuildIndependentTargetsInParallel = 1;
				LastSwiftUpdateCheck = 1430;
				LastUpgradeCheck = 1430;
				TargetAttributes = {
					C307B91B2AEC45A600FF9613 = {
						CreatedOnToolsVersion = 14.3.1;
					};
					C307B92C2AEC45AA00FF9613 = {
						CreatedOnToolsVersion = 14.3.1;
						TestTargetID = C307B91B2AEC45A600FF9613;
					};
					C307B9362AEC45AA00FF9613 = {
						CreatedOnToolsVersion = 14.3.1;
						TestTargetID = C307B91B2AEC45A600FF9613;
					};
				};
			};
			buildConfigurationList = C307B9172AEC45A600FF9613 /* Build configuration list for PBXProject "loginscreencopiable" */;
			compatibilityVersion = "Xcode 14.0";
			developmentRegion = en;
			hasScannedForEncodings = 0;
			knownRegions = (
				en,
				Base,
			);
			mainGroup = C307B9132AEC45A600FF9613;
			productRefGroup = C307B91D2AEC45A600FF9613 /* Products */;
			projectDirPath = "";
			projectRoot = "";
			targets = (
				C307B91B2AEC45A600FF9613 /* loginscreencopiable */,
				C307B92C2AEC45AA00FF9613 /* loginscreencopiableTests */,
				C307B9362AEC45AA00FF9613 /* loginscreencopiableUITests */,
			);
		};
/* End PBXProject section */

/* Begin PBXResourcesBuildPhase section */
		C307B91A2AEC45A600FF9613 /* Resources */ = {
			isa = PBXResourcesBuildPhase;
			buildActionMask = 2147483647;
			files = (
				C307B9272AEC45AA00FF9613 /* Preview Assets.xcassets in Resources */,
				C307B9242AEC45AA00FF9613 /* Assets.xcassets in Resources */,
			);
			runOnlyForDeploymentPostprocessing = 0;
		};
		C307B92B2AEC45AA00FF9613 /* Resources */ = {
			isa = PBXResourcesBuildPhase;
			buildActionMask = 2147483647;
			files = (
			);
			runOnlyForDeploymentPostprocessing = 0;
		};
		C307B9352AEC45AA00FF9613 /* Resources */ = {
			isa = PBXResourcesBuildPhase;
			buildActionMask = 2147483647;
			files = (
			);
			runOnlyForDeploymentPostprocessing = 0;
		};
/* End PBXResourcesBuildPhase section */

/* Begin PBXSourcesBuildPhase section */
		C307B9182AEC45A600FF9613 /* Sources */ = {
			isa = PBXSourcesBuildPhase;
			buildActionMask = 2147483647;
			files = (
				C307B9222AEC45A600FF9613 /* ContentView.swift in Sources */,
				C307B9202AEC45A600FF9613 /* loginscreencopiableApp.swift in Sources */,
			);
			runOnlyForDeploymentPostprocessing = 0;
		};
		C307B9292AEC45AA00FF9613 /* Sources */ = {
			isa = PBXSourcesBuildPhase;
			buildActionMask = 2147483647;
			files = (
				C307B9322AEC45AA00FF9613 /* loginscreencopiableTests.swift in Sources */,
			);
			runOnlyForDeploymentPostprocessing = 0;
		};
		C307B9332AEC45AA00FF9613 /* Sources */ = {
			isa = PBXSourcesBuildPhase;
			buildActionMask = 2147483647;
			files = (
				C307B93C2AEC45AA00FF9613 /* loginscreencopiableUITests.swift in Sources */,
				C307B93E2AEC45AA00FF9613 /* loginscreencopiableUITestsLaunchTests.swift in Sources */,
			);
			runOnlyForDeploymentPostprocessing = 0;
		};
/* End PBXSourcesBuildPhase section */

/* Begin PBXTargetDependency section */
		C307B92F2AEC45AA00FF9613 /* PBXTargetDependency */ = {
			isa = PBXTargetDependency;
			target = C307B91B2AEC45A600FF9613 /* loginscreencopiable */;
			targetProxy = C307B92E2AEC45AA00FF9613 /* PBXContainerItemProxy */;
		};
		C307B9392AEC45AA00FF9613 /* PBXTargetDependency */ = {
			isa = PBXTargetDependency;
			target = C307B91B2AEC45A600FF9613 /* loginscreencopiable */;
			targetProxy = C307B9382AEC45AA00FF9613 /* PBXContainerItemProxy */;
		};
/* End PBXTargetDependency section */

/* Begin XCBuildConfiguration section */
		C307B93F2AEC45AA00FF9613 /* Debug */ = {
			isa = XCBuildConfiguration;
			buildSettings = {
				ALWAYS_SEARCH_USER_PATHS = NO;
				CLANG_ANALYZER_NONNULL = YES;
				CLANG_ANALYZER_NUMBER_OBJECT_CONVERSION = YES_AGGRESSIVE;
				CLANG_CXX_LANGUAGE_STANDARD = "gnu++20";
				CLANG_ENABLE_MODULES = YES;
				CLANG_ENABLE_OBJC_ARC = YES;
				CLANG_ENABLE_OBJC_WEAK = YES;
				CLANG_WARN_BLOCK_CAPTURE_AUTORELEASING = YES;
				CLANG_WARN_BOOL_CONVERSION = YES;
				CLANG_WARN_COMMA = YES;
				CLANG_WARN_CONSTANT_CONVERSION = YES;
				CLANG_WARN_DEPRECATED_OBJC_IMPLEMENTATIONS = YES;
				CLANG_WARN_DIRECT_OBJC_ISA_USAGE = YES_ERROR;
				CLANG_WARN_DOCUMENTATION_COMMENTS = YES;
				CLANG_WARN_EMPTY_BODY = YES;
				CLANG_WARN_ENUM_CONVERSION = YES;
				CLANG_WARN_INFINITE_RECURSION = YES;
				CLANG_WARN_INT_CONVERSION = YES;
				CLANG_WARN_NON_LITERAL_NULL_CONVERSION = YES;
				CLANG_WARN_OBJC_IMPLICIT_RETAIN_SELF = YES;
				CLANG_WARN_OBJC_LITERAL_CONVERSION = YES;
				CLANG_WARN_OBJC_ROOT_CLASS = YES_ERROR;
				CLANG_WARN_QUOTED_INCLUDE_IN_FRAMEWORK_HEADER = YES;
				CLANG_WARN_RANGE_LOOP_ANALYSIS = YES;
				CLANG_WARN_STRICT_PROTOTYPES = YES;
				CLANG_WARN_SUSPICIOUS_MOVE = YES;
				CLANG_WARN_UNGUARDED_AVAILABILITY = YES_AGGRESSIVE;
				CLANG_WARN_UNREACHABLE_CODE = YES;
				CLANG_WARN__DUPLICATE_METHOD_MATCH = YES;
				COPY_PHASE_STRIP = NO;
				DEBUG_INFORMATION_FORMAT = dwarf;
				ENABLE_STRICT_OBJC_MSGSEND = YES;
				ENABLE_TESTABILITY = YES;
				GCC_C_LANGUAGE_STANDARD = gnu11;
				GCC_DYNAMIC_NO_PIC = NO;
				GCC_NO_COMMON_BLOCKS = YES;
				GCC_OPTIMIZATION_LEVEL = 0;
				GCC_PREPROCESSOR_DEFINITIONS = (
					"DEBUG=1",
					"$(inherited)",
				);
				GCC_WARN_64_TO_32_BIT_CONVERSION = YES;
				GCC_WARN_ABOUT_RETURN_TYPE = YES_ERROR;
				GCC_WARN_UNDECLARED_SELECTOR = YES;
				GCC_WARN_UNINITIALIZED_AUTOS = YES_AGGRESSIVE;
				GCC_WARN_UNUSED_FUNCTION = YES;
				GCC_WARN_UNUSED_VARIABLE = YES;
				MACOSX_DEPLOYMENT_TARGET = 13.3;
				MTL_ENABLE_DEBUG_INFO = INCLUDE_SOURCE;
				MTL_FAST_MATH = YES;
				ONLY_ACTIVE_ARCH = YES;
				SDKROOT = macosx;
				SWIFT_ACTIVE_COMPILATION_CONDITIONS = DEBUG;
				SWIFT_OPTIMIZATION_LEVEL = "-Onone";
			};
			name = Debug;
		};
		C307B9402AEC45AA00FF9613 /* Release */ = {
			isa = XCBuildConfiguration;
			buildSettings = {
				ALWAYS_SEARCH_USER_PATHS = NO;
				CLANG_ANALYZER_NONNULL = YES;
				CLANG_ANALYZER_NUMBER_OBJECT_CONVERSION = YES_AGGRESSIVE;
				CLANG_CXX_LANGUAGE_STANDARD = "gnu++20";
				CLANG_ENABLE_MODULES = YES;
				CLANG_ENABLE_OBJC_ARC = YES;
				CLANG_ENABLE_OBJC_WEAK = YES;
				CLANG_WARN_BLOCK_CAPTURE_AUTORELEASING = YES;
				CLANG_WARN_BOOL_CONVERSION = YES;
				CLANG_WARN_COMMA = YES;
				CLANG_WARN_CONSTANT_CONVERSION = YES;
				CLANG_WARN_DEPRECATED_OBJC_IMPLEMENTATIONS = YES;
				CLANG_WARN_DIRECT_OBJC_ISA_USAGE = YES_ERROR;
				CLANG_WARN_DOCUMENTATION_COMMENTS = YES;
				CLANG_WARN_EMPTY_BODY = YES;
				CLANG_WARN_ENUM_CONVERSION = YES;
				CLANG_WARN_INFINITE_RECURSION = YES;
				CLANG_WARN_INT_CONVERSION = YES;
				CLANG_WARN_NON_LITERAL_NULL_CONVERSION = YES;
				CLANG_WARN_OBJC_IMPLICIT_RETAIN_SELF = YES;
				CLANG_WARN_OBJC_LITERAL_CONVERSION = YES;
				CLANG_WARN_OBJC_ROOT_CLASS = YES_ERROR;
				CLANG_WARN_QUOTED_INCLUDE_IN_FRAMEWORK_HEADER = YES;
				CLANG_WARN_RANGE_LOOP_ANALYSIS = YES;
				CLANG_WARN_STRICT_PROTOTYPES = YES;
				CLANG_WARN_SUSPICIOUS_MOVE = YES;
				CLANG_WARN_UNGUARDED_AVAILABILITY = YES_AGGRESSIVE;
				CLANG_WARN_UNREACHABLE_CODE = YES;
				CLANG_WARN__DUPLICATE_METHOD_MATCH = YES;
				COPY_PHASE_STRIP = NO;
				DEBUG_INFORMATION_FORMAT = "dwarf-with-dsym";
				ENABLE_NS_ASSERTIONS = NO;
				ENABLE_STRICT_OBJC_MSGSEND = YES;
				GCC_C_LANGUAGE_STANDARD = gnu11;
				GCC_NO_COMMON_BLOCKS = YES;
				GCC_WARN_64_TO_32_BIT_CONVERSION = YES;
				GCC_WARN_ABOUT_RETURN_TYPE = YES_ERROR;
				GCC_WARN_UNDECLARED_SELECTOR = YES;
				GCC_WARN_UNINITIALIZED_AUTOS = YES_AGGRESSIVE;
				GCC_WARN_UNUSED_FUNCTION = YES;
				GCC_WARN_UNUSED_VARIABLE = YES;
				MACOSX_DEPLOYMENT_TARGET = 13.3;
				MTL_ENABLE_DEBUG_INFO = NO;
				MTL_FAST_MATH = YES;
				SDKROOT = macosx;
				SWIFT_COMPILATION_MODE = wholemodule;
				SWIFT_OPTIMIZATION_LEVEL = "-O";
			};
			name = Release;
		};
		C307B9422AEC45AA00FF9613 /* Debug */ = {
			isa = XCBuildConfiguration;
			buildSettings = {
				ASSETCATALOG_COMPILER_APPICON_NAME = AppIcon;
				ASSETCATALOG_COMPILER_GLOBAL_ACCENT_COLOR_NAME = AccentColor;
				CODE_SIGN_ENTITLEMENTS = loginscreencopiable/loginscreencopiable.entitlements;
				CODE_SIGN_STYLE = Automatic;
				COMBINE_HIDPI_IMAGES = YES;
				CURRENT_PROJECT_VERSION = 1;
				DEVELOPMENT_ASSET_PATHS = "\"loginscreencopiable/Preview Content\"";
				ENABLE_PREVIEWS = YES;
				GENERATE_INFOPLIST_FILE = YES;
				INFOPLIST_KEY_NSHumanReadableCopyright = "";
				LD_RUNPATH_SEARCH_PATHS = (
					"$(inherited)",
					"@executable_path/../Frameworks",
				);
				MARKETING_VERSION = 1.0;
				PRODUCT_BUNDLE_IDENTIFIER = lezcorporation.loginscreencopiable;
				PRODUCT_NAME = "$(TARGET_NAME)";
				SWIFT_EMIT_LOC_STRINGS = YES;
				SWIFT_VERSION = 5.0;
			};
			name = Debug;
		};
		C307B9432AEC45AA00FF9613 /* Release */ = {
			isa = XCBuildConfiguration;
			buildSettings = {
				ASSETCATALOG_COMPILER_APPICON_NAME = AppIcon;
				ASSETCATALOG_COMPILER_GLOBAL_ACCENT_COLOR_NAME = AccentColor;
				CODE_SIGN_ENTITLEMENTS = loginscreencopiable/loginscreencopiable.entitlements;
				CODE_SIGN_STYLE = Automatic;
				COMBINE_HIDPI_IMAGES = YES;
				CURRENT_PROJECT_VERSION = 1;
				DEVELOPMENT_ASSET_PATHS = "\"loginscreencopiable/Preview Content\"";
				ENABLE_PREVIEWS = YES;
				GENERATE_INFOPLIST_FILE = YES;
				INFOPLIST_KEY_NSHumanReadableCopyright = "";
				LD_RUNPATH_SEARCH_PATHS = (
					"$(inherited)",
					"@executable_path/../Frameworks",
				);
				MARKETING_VERSION = 1.0;
				PRODUCT_BUNDLE_IDENTIFIER = lezcorporation.loginscreencopiable;
				PRODUCT_NAME = "$(TARGET_NAME)";
				SWIFT_EMIT_LOC_STRINGS = YES;
				SWIFT_VERSION = 5.0;
			};
			name = Release;
		};
		C307B9452AEC45AA00FF9613 /* Debug */ = {
			isa = XCBuildConfiguration;
			buildSettings = {
				ALWAYS_EMBED_SWIFT_STANDARD_LIBRARIES = YES;
				BUNDLE_LOADER = "$(TEST_HOST)";
				CODE_SIGN_STYLE = Automatic;
				CURRENT_PROJECT_VERSION = 1;
				GENERATE_INFOPLIST_FILE = YES;
				MACOSX_DEPLOYMENT_TARGET = 13.3;
				MARKETING_VERSION = 1.0;
				PRODUCT_BUNDLE_IDENTIFIER = lezcorporation.loginscreencopiableTests;
				PRODUCT_NAME = "$(TARGET_NAME)";
				SWIFT_EMIT_LOC_STRINGS = NO;
				SWIFT_VERSION = 5.0;
				TEST_HOST = "$(BUILT_PRODUCTS_DIR)/loginscreencopiable.app/$(BUNDLE_EXECUTABLE_FOLDER_PATH)/loginscreencopiable";
			};
			name = Debug;
		};
		C307B9462AEC45AA00FF9613 /* Release */ = {
			isa = XCBuildConfiguration;
			buildSettings = {
				ALWAYS_EMBED_SWIFT_STANDARD_LIBRARIES = YES;
				BUNDLE_LOADER = "$(TEST_HOST)";
				CODE_SIGN_STYLE = Automatic;
				CURRENT_PROJECT_VERSION = 1;
				GENERATE_INFOPLIST_FILE = YES;
				MACOSX_DEPLOYMENT_TARGET = 13.3;
				MARKETING_VERSION = 1.0;
				PRODUCT_BUNDLE_IDENTIFIER = lezcorporation.loginscreencopiableTests;
				PRODUCT_NAME = "$(TARGET_NAME)";
				SWIFT_EMIT_LOC_STRINGS = NO;
				SWIFT_VERSION = 5.0;
				TEST_HOST = "$(BUILT_PRODUCTS_DIR)/loginscreencopiable.app/$(BUNDLE_EXECUTABLE_FOLDER_PATH)/loginscreencopiable";
			};
			name = Release;
		};
		C307B9482AEC45AA00FF9613 /* Debug */ = {
			isa = XCBuildConfiguration;
			buildSettings = {
				ALWAYS_EMBED_SWIFT_STANDARD_LIBRARIES = YES;
				CODE_SIGN_STYLE = Automatic;
				CURRENT_PROJECT_VERSION = 1;
				GENERATE_INFOPLIST_FILE = YES;
				MARKETING_VERSION = 1.0;
				PRODUCT_BUNDLE_IDENTIFIER = lezcorporation.loginscreencopiableUITests;
				PRODUCT_NAME = "$(TARGET_NAME)";
				SWIFT_EMIT_LOC_STRINGS = NO;
				SWIFT_VERSION = 5.0;
				TEST_TARGET_NAME = loginscreencopiable;
			};
			name = Debug;
		};
		C307B9492AEC45AA00FF9613 /* Release */ = {
			isa = XCBuildConfiguration;
			buildSettings = {
				ALWAYS_EMBED_SWIFT_STANDARD_LIBRARIES = YES;
				CODE_SIGN_STYLE = Automatic;
				CURRENT_PROJECT_VERSION = 1;
				GENERATE_INFOPLIST_FILE = YES;
				MARKETING_VERSION = 1.0;
				PRODUCT_BUNDLE_IDENTIFIER = lezcorporation.loginscreencopiableUITests;
				PRODUCT_NAME = "$(TARGET_NAME)";
				SWIFT_EMIT_LOC_STRINGS = NO;
				SWIFT_VERSION = 5.0;
				TEST_TARGET_NAME = loginscreencopiable;
			};
			name = Release;
		};
/* End XCBuildConfiguration section */

/* Begin XCConfigurationList section */
		C307B9172AEC45A600FF9613 /* Build configuration list for PBXProject "loginscreencopiable" */ = {
			isa = XCConfigurationList;
			buildConfigurations = (
				C307B93F2AEC45AA00FF9613 /* Debug */,
				C307B9402AEC45AA00FF9613 /* Release */,
			);
			defaultConfigurationIsVisible = 0;
			defaultConfigurationName = Release;
		};
		C307B9412AEC45AA00FF9613 /* Build configuration list for PBXNativeTarget "loginscreencopiable" */ = {
			isa = XCConfigurationList;
			buildConfigurations = (
				C307B9422AEC45AA00FF9613 /* Debug */,
				C307B9432AEC45AA00FF9613 /* Release */,
			);
			defaultConfigurationIsVisible = 0;
			defaultConfigurationName = Release;
		};
		C307B9442AEC45AA00FF9613 /* Build configuration list for PBXNativeTarget "loginscreencopiableTests" */ = {
			isa = XCConfigurationList;
			buildConfigurations = (
				C307B9452AEC45AA00FF9613 /* Debug */,
				C307B9462AEC45AA00FF9613 /* Release */,
			);
			defaultConfigurationIsVisible = 0;
			defaultConfigurationName = Release;
		};
		C307B9472AEC45AA00FF9613 /* Build configuration list for PBXNativeTarget "loginscreencopiableUITests" */ = {
			isa = XCConfigurationList;
			buildConfigurations = (
				C307B9482AEC45AA00FF9613 /* Debug */,
				C307B9492AEC45AA00FF9613 /* Release */,
			);
			defaultConfigurationIsVisible = 0;
			defaultConfigurationName = Release;
		};
/* End XCConfigurationList section */
	};
	rootObject = C307B9142AEC45A600FF9613 /* Project object */;
}
